// !$*UTF8*$!
{
	archiveVersion = 1;
	classes = {
	};
	objectVersion = 56;
	objects = {

/* Begin PBXBuildFile section */
		78CAF6F2298D2110002BE165 /* MarketChartData.swift in Sources */ = {isa = PBXBuildFile; fileRef = 78CAF6F1298D2110002BE165 /* MarketChartData.swift */; };
		78CAF6F4298D212F002BE165 /* MarketChartResponse.swift in Sources */ = {isa = PBXBuildFile; fileRef = 78CAF6F3298D212F002BE165 /* MarketChartResponse.swift */; };
		78CAF6F6298D21DB002BE165 /* MarketsViewCellViewModel.swift in Sources */ = {isa = PBXBuildFile; fileRef = 78CAF6F5298D21DA002BE165 /* MarketsViewCellViewModel.swift */; };
		78FC0350298BCA9600953A35 /* FlowwTaskApp.swift in Sources */ = {isa = PBXBuildFile; fileRef = 78FC034F298BCA9600953A35 /* FlowwTaskApp.swift */; };
		78FC0354298BCA9800953A35 /* Assets.xcassets in Resources */ = {isa = PBXBuildFile; fileRef = 78FC0353298BCA9800953A35 /* Assets.xcassets */; };
		78FC0357298BCA9800953A35 /* Preview Assets.xcassets in Resources */ = {isa = PBXBuildFile; fileRef = 78FC0356298BCA9800953A35 /* Preview Assets.xcassets */; };
		78FC0361298BCA9800953A35 /* FlowwTaskTests.swift in Sources */ = {isa = PBXBuildFile; fileRef = 78FC0360298BCA9800953A35 /* FlowwTaskTests.swift */; };
		78FC036B298BCA9800953A35 /* FlowwTaskUITests.swift in Sources */ = {isa = PBXBuildFile; fileRef = 78FC036A298BCA9800953A35 /* FlowwTaskUITests.swift */; };
		78FC036D298BCA9800953A35 /* FlowwTaskUITestsLaunchTests.swift in Sources */ = {isa = PBXBuildFile; fileRef = 78FC036C298BCA9800953A35 /* FlowwTaskUITestsLaunchTests.swift */; };
		78FC0380298BCBF400953A35 /* AccessibilityIdentifiers.swift in Sources */ = {isa = PBXBuildFile; fileRef = 78FC037F298BCBF400953A35 /* AccessibilityIdentifiers.swift */; };
		78FC0383298BCC3500953A35 /* Grid.swift in Sources */ = {isa = PBXBuildFile; fileRef = 78FC0382298BCC3500953A35 /* Grid.swift */; };
		78FC0387298BCC6D00953A35 /* GridTests.swift in Sources */ = {isa = PBXBuildFile; fileRef = 78FC0386298BCC6D00953A35 /* GridTests.swift */; };
		78FC0389298BCCC000953A35 /* API.swift in Sources */ = {isa = PBXBuildFile; fileRef = 78FC0388298BCCC000953A35 /* API.swift */; };
		78FC038B298BCCDC00953A35 /* APIRequest.swift in Sources */ = {isa = PBXBuildFile; fileRef = 78FC038A298BCCDC00953A35 /* APIRequest.swift */; };
		78FC038D298BCCF100953A35 /* URLSessionType.swift in Sources */ = {isa = PBXBuildFile; fileRef = 78FC038C298BCCF100953A35 /* URLSessionType.swift */; };
		78FC0391298BCD2200953A35 /* APIError.swift in Sources */ = {isa = PBXBuildFile; fileRef = 78FC0390298BCD2200953A35 /* APIError.swift */; };
		78FC0394298BCD3700953A35 /* Headers.swift in Sources */ = {isa = PBXBuildFile; fileRef = 78FC0393298BCD3700953A35 /* Headers.swift */; };
		78FC0396298BCD4B00953A35 /* RequestMethod.swift in Sources */ = {isa = PBXBuildFile; fileRef = 78FC0395298BCD4B00953A35 /* RequestMethod.swift */; };
		78FC0398298BCD6400953A35 /* ConcreteAPI.swift in Sources */ = {isa = PBXBuildFile; fileRef = 78FC0397298BCD6400953A35 /* ConcreteAPI.swift */; };
		78FC039A298BCD8A00953A35 /* Endpoints.swift in Sources */ = {isa = PBXBuildFile; fileRef = 78FC0399298BCD8A00953A35 /* Endpoints.swift */; };
		78FC039D298BCDB200953A35 /* Reachability.swift in Sources */ = {isa = PBXBuildFile; fileRef = 78FC039C298BCDB200953A35 /* Reachability.swift */; };
		78FC039F298BCDD500953A35 /* AppContext.swift in Sources */ = {isa = PBXBuildFile; fileRef = 78FC039E298BCDD500953A35 /* AppContext.swift */; };
		78FC03A1298BCDF400953A35 /* URLSession+.swift in Sources */ = {isa = PBXBuildFile; fileRef = 78FC03A0298BCDF400953A35 /* URLSession+.swift */; };
		78FC03A4298BCF6800953A35 /* MarketsView.swift in Sources */ = {isa = PBXBuildFile; fileRef = 78FC03A3298BCF6800953A35 /* MarketsView.swift */; };
		78FC03A8298BD39100953A35 /* MarketRequest.swift in Sources */ = {isa = PBXBuildFile; fileRef = 78FC03A7298BD39100953A35 /* MarketRequest.swift */; };
		78FC03AA298BE1B100953A35 /* MarketsDataProvider.swift in Sources */ = {isa = PBXBuildFile; fileRef = 78FC03A9298BE1B100953A35 /* MarketsDataProvider.swift */; };
		78FC03AC298BE1DD00953A35 /* MarketsViewModel.swift in Sources */ = {isa = PBXBuildFile; fileRef = 78FC03AB298BE1DD00953A35 /* MarketsViewModel.swift */; };
		78FC03AE298BE21E00953A35 /* MarketsViewCell.swift in Sources */ = {isa = PBXBuildFile; fileRef = 78FC03AD298BE21E00953A35 /* MarketsViewCell.swift */; };
		78FC03B1298BEECD00953A35 /* Double+.swift in Sources */ = {isa = PBXBuildFile; fileRef = 78FC03B0298BEECD00953A35 /* Double+.swift */; };
		78FC03B9298BF84100953A35 /* NukeUI in Frameworks */ = {isa = PBXBuildFile; productRef = 78FC03B8298BF84100953A35 /* NukeUI */; };
		78FC03BC298BFA3D00953A35 /* MarketDetails.swift in Sources */ = {isa = PBXBuildFile; fileRef = 78FC03BB298BFA3D00953A35 /* MarketDetails.swift */; };
		78FC03BE298C1E8E00953A35 /* MarketDetailsViewDataProvider.swift in Sources */ = {isa = PBXBuildFile; fileRef = 78FC03BD298C1E8E00953A35 /* MarketDetailsViewDataProvider.swift */; };
		78FC03C1298C1EAF00953A35 /* MarketChartRequest.swift in Sources */ = {isa = PBXBuildFile; fileRef = 78FC03C0298C1EAF00953A35 /* MarketChartRequest.swift */; };
		78FC03C3298C1ED700953A35 /* MarketDetailsViewModel.swift in Sources */ = {isa = PBXBuildFile; fileRef = 78FC03C2298C1ED700953A35 /* MarketDetailsViewModel.swift */; };
		78FC03D5298C334400953A35 /* SwiftUICharts in Frameworks */ = {isa = PBXBuildFile; productRef = 78FC03D4298C334400953A35 /* SwiftUICharts */; };
/* End PBXBuildFile section */

/* Begin PBXContainerItemProxy section */
		78FC035D298BCA9800953A35 /* PBXContainerItemProxy */ = {
			isa = PBXContainerItemProxy;
			containerPortal = 78FC0344298BCA9600953A35 /* Project object */;
			proxyType = 1;
			remoteGlobalIDString = 78FC034B298BCA9600953A35;
			remoteInfo = FlowwTask;
		};
		78FC0367298BCA9800953A35 /* PBXContainerItemProxy */ = {
			isa = PBXContainerItemProxy;
			containerPortal = 78FC0344298BCA9600953A35 /* Project object */;
			proxyType = 1;
			remoteGlobalIDString = 78FC034B298BCA9600953A35;
			remoteInfo = FlowwTask;
		};
/* End PBXContainerItemProxy section */

/* Begin PBXFileReference section */
		78CAF6F1298D2110002BE165 /* MarketChartData.swift */ = {isa = PBXFileReference; lastKnownFileType = sourcecode.swift; path = MarketChartData.swift; sourceTree = "<group>"; };
		78CAF6F3298D212F002BE165 /* MarketChartResponse.swift */ = {isa = PBXFileReference; lastKnownFileType = sourcecode.swift; path = MarketChartResponse.swift; sourceTree = "<group>"; };
		78CAF6F5298D21DA002BE165 /* MarketsViewCellViewModel.swift */ = {isa = PBXFileReference; lastKnownFileType = sourcecode.swift; path = MarketsViewCellViewModel.swift; sourceTree = "<group>"; };
		78FC034C298BCA9600953A35 /* FlowwTask.app */ = {isa = PBXFileReference; explicitFileType = wrapper.application; includeInIndex = 0; path = FlowwTask.app; sourceTree = BUILT_PRODUCTS_DIR; };
		78FC034F298BCA9600953A35 /* FlowwTaskApp.swift */ = {isa = PBXFileReference; lastKnownFileType = sourcecode.swift; path = FlowwTaskApp.swift; sourceTree = "<group>"; };
		78FC0353298BCA9800953A35 /* Assets.xcassets */ = {isa = PBXFileReference; lastKnownFileType = folder.assetcatalog; path = Assets.xcassets; sourceTree = "<group>"; };
		78FC0356298BCA9800953A35 /* Preview Assets.xcassets */ = {isa = PBXFileReference; lastKnownFileType = folder.assetcatalog; path = "Preview Assets.xcassets"; sourceTree = "<group>"; };
		78FC035C298BCA9800953A35 /* FlowwTaskTests.xctest */ = {isa = PBXFileReference; explicitFileType = wrapper.cfbundle; includeInIndex = 0; path = FlowwTaskTests.xctest; sourceTree = BUILT_PRODUCTS_DIR; };
		78FC0360298BCA9800953A35 /* FlowwTaskTests.swift */ = {isa = PBXFileReference; lastKnownFileType = sourcecode.swift; path = FlowwTaskTests.swift; sourceTree = "<group>"; };
		78FC0366298BCA9800953A35 /* FlowwTaskUITests.xctest */ = {isa = PBXFileReference; explicitFileType = wrapper.cfbundle; includeInIndex = 0; path = FlowwTaskUITests.xctest; sourceTree = BUILT_PRODUCTS_DIR; };
		78FC036A298BCA9800953A35 /* FlowwTaskUITests.swift */ = {isa = PBXFileReference; lastKnownFileType = sourcecode.swift; path = FlowwTaskUITests.swift; sourceTree = "<group>"; };
		78FC036C298BCA9800953A35 /* FlowwTaskUITestsLaunchTests.swift */ = {isa = PBXFileReference; lastKnownFileType = sourcecode.swift; path = FlowwTaskUITestsLaunchTests.swift; sourceTree = "<group>"; };
		78FC037F298BCBF400953A35 /* AccessibilityIdentifiers.swift */ = {isa = PBXFileReference; lastKnownFileType = sourcecode.swift; path = AccessibilityIdentifiers.swift; sourceTree = "<group>"; };
		78FC0382298BCC3500953A35 /* Grid.swift */ = {isa = PBXFileReference; lastKnownFileType = sourcecode.swift; path = Grid.swift; sourceTree = "<group>"; };
		78FC0386298BCC6D00953A35 /* GridTests.swift */ = {isa = PBXFileReference; lastKnownFileType = sourcecode.swift; path = GridTests.swift; sourceTree = "<group>"; };
		78FC0388298BCCC000953A35 /* API.swift */ = {isa = PBXFileReference; lastKnownFileType = sourcecode.swift; path = API.swift; sourceTree = "<group>"; };
		78FC038A298BCCDC00953A35 /* APIRequest.swift */ = {isa = PBXFileReference; lastKnownFileType = sourcecode.swift; path = APIRequest.swift; sourceTree = "<group>"; };
		78FC038C298BCCF100953A35 /* URLSessionType.swift */ = {isa = PBXFileReference; lastKnownFileType = sourcecode.swift; path = URLSessionType.swift; sourceTree = "<group>"; };
		78FC0390298BCD2200953A35 /* APIError.swift */ = {isa = PBXFileReference; lastKnownFileType = sourcecode.swift; path = APIError.swift; sourceTree = "<group>"; };
		78FC0393298BCD3700953A35 /* Headers.swift */ = {isa = PBXFileReference; lastKnownFileType = sourcecode.swift; path = Headers.swift; sourceTree = "<group>"; };
		78FC0395298BCD4B00953A35 /* RequestMethod.swift */ = {isa = PBXFileReference; lastKnownFileType = sourcecode.swift; path = RequestMethod.swift; sourceTree = "<group>"; };
		78FC0397298BCD6400953A35 /* ConcreteAPI.swift */ = {isa = PBXFileReference; lastKnownFileType = sourcecode.swift; path = ConcreteAPI.swift; sourceTree = "<group>"; };
		78FC0399298BCD8A00953A35 /* Endpoints.swift */ = {isa = PBXFileReference; lastKnownFileType = sourcecode.swift; path = Endpoints.swift; sourceTree = "<group>"; };
		78FC039C298BCDB200953A35 /* Reachability.swift */ = {isa = PBXFileReference; lastKnownFileType = sourcecode.swift; path = Reachability.swift; sourceTree = "<group>"; };
		78FC039E298BCDD500953A35 /* AppContext.swift */ = {isa = PBXFileReference; lastKnownFileType = sourcecode.swift; path = AppContext.swift; sourceTree = "<group>"; };
		78FC03A0298BCDF400953A35 /* URLSession+.swift */ = {isa = PBXFileReference; lastKnownFileType = sourcecode.swift; path = "URLSession+.swift"; sourceTree = "<group>"; };
		78FC03A3298BCF6800953A35 /* MarketsView.swift */ = {isa = PBXFileReference; lastKnownFileType = sourcecode.swift; path = MarketsView.swift; sourceTree = "<group>"; };
		78FC03A7298BD39100953A35 /* MarketRequest.swift */ = {isa = PBXFileReference; lastKnownFileType = sourcecode.swift; path = MarketRequest.swift; sourceTree = "<group>"; };
		78FC03A9298BE1B100953A35 /* MarketsDataProvider.swift */ = {isa = PBXFileReference; lastKnownFileType = sourcecode.swift; path = MarketsDataProvider.swift; sourceTree = "<group>"; };
		78FC03AB298BE1DD00953A35 /* MarketsViewModel.swift */ = {isa = PBXFileReference; lastKnownFileType = sourcecode.swift; path = MarketsViewModel.swift; sourceTree = "<group>"; };
		78FC03AD298BE21E00953A35 /* MarketsViewCell.swift */ = {isa = PBXFileReference; lastKnownFileType = sourcecode.swift; path = MarketsViewCell.swift; sourceTree = "<group>"; };
		78FC03B0298BEECD00953A35 /* Double+.swift */ = {isa = PBXFileReference; lastKnownFileType = sourcecode.swift; path = "Double+.swift"; sourceTree = "<group>"; };
		78FC03BB298BFA3D00953A35 /* MarketDetails.swift */ = {isa = PBXFileReference; lastKnownFileType = sourcecode.swift; path = MarketDetails.swift; sourceTree = "<group>"; };
		78FC03BD298C1E8E00953A35 /* MarketDetailsViewDataProvider.swift */ = {isa = PBXFileReference; lastKnownFileType = sourcecode.swift; path = MarketDetailsViewDataProvider.swift; sourceTree = "<group>"; };
		78FC03C0298C1EAF00953A35 /* MarketChartRequest.swift */ = {isa = PBXFileReference; lastKnownFileType = sourcecode.swift; path = MarketChartRequest.swift; sourceTree = "<group>"; };
		78FC03C2298C1ED700953A35 /* MarketDetailsViewModel.swift */ = {isa = PBXFileReference; lastKnownFileType = sourcecode.swift; path = MarketDetailsViewModel.swift; sourceTree = "<group>"; };
/* End PBXFileReference section */

/* Begin PBXFrameworksBuildPhase section */
		78FC0349298BCA9600953A35 /* Frameworks */ = {
			isa = PBXFrameworksBuildPhase;
			buildActionMask = 2147483647;
			files = (
				78FC03B9298BF84100953A35 /* NukeUI in Frameworks */,
				78FC03D5298C334400953A35 /* SwiftUICharts in Frameworks */,
			);
			runOnlyForDeploymentPostprocessing = 0;
		};
		78FC0359298BCA9800953A35 /* Frameworks */ = {
			isa = PBXFrameworksBuildPhase;
			buildActionMask = 2147483647;
			files = (
			);
			runOnlyForDeploymentPostprocessing = 0;
		};
		78FC0363298BCA9800953A35 /* Frameworks */ = {
			isa = PBXFrameworksBuildPhase;
			buildActionMask = 2147483647;
			files = (
			);
			runOnlyForDeploymentPostprocessing = 0;
		};
/* End PBXFrameworksBuildPhase section */

/* Begin PBXGroup section */
		78CAF6F0298D2104002BE165 /* Models */ = {
			isa = PBXGroup;
			children = (
				78CAF6F1298D2110002BE165 /* MarketChartData.swift */,
			);
			path = Models;
			sourceTree = "<group>";
		};
		78FC0343298BCA9600953A35 = {
			isa = PBXGroup;
			children = (
				78FC034E298BCA9600953A35 /* FlowwTask */,
				78FC035F298BCA9800953A35 /* FlowwTaskTests */,
				78FC0369298BCA9800953A35 /* FlowwTaskUITests */,
				78FC034D298BCA9600953A35 /* Products */,
			);
			sourceTree = "<group>";
		};
		78FC034D298BCA9600953A35 /* Products */ = {
			isa = PBXGroup;
			children = (
				78FC034C298BCA9600953A35 /* FlowwTask.app */,
				78FC035C298BCA9800953A35 /* FlowwTaskTests.xctest */,
				78FC0366298BCA9800953A35 /* FlowwTaskUITests.xctest */,
			);
			name = Products;
			sourceTree = "<group>";
		};
		78FC034E298BCA9600953A35 /* FlowwTask */ = {
			isa = PBXGroup;
			children = (
				78FC037E298BCBE000953A35 /* TestSupport */,
				78FC037B298BCB6B00953A35 /* FeatureSupport */,
				78FC037A298BCAB000953A35 /* Recources */,
				78FC0379298BCAA800953A35 /* Main */,
				78FC0355298BCA9800953A35 /* Preview Content */,
			);
			path = FlowwTask;
			sourceTree = "<group>";
		};
		78FC0355298BCA9800953A35 /* Preview Content */ = {
			isa = PBXGroup;
			children = (
				78FC0356298BCA9800953A35 /* Preview Assets.xcassets */,
			);
			path = "Preview Content";
			sourceTree = "<group>";
		};
		78FC035F298BCA9800953A35 /* FlowwTaskTests */ = {
			isa = PBXGroup;
			children = (
				78FC0384298BCC4D00953A35 /* FeatureSupport */,
				78FC0360298BCA9800953A35 /* FlowwTaskTests.swift */,
			);
			path = FlowwTaskTests;
			sourceTree = "<group>";
		};
		78FC0369298BCA9800953A35 /* FlowwTaskUITests */ = {
			isa = PBXGroup;
			children = (
				78FC036A298BCA9800953A35 /* FlowwTaskUITests.swift */,
				78FC036C298BCA9800953A35 /* FlowwTaskUITestsLaunchTests.swift */,
			);
			path = FlowwTaskUITests;
			sourceTree = "<group>";
		};
		78FC0379298BCAA800953A35 /* Main */ = {
			isa = PBXGroup;
			children = (
				78FC03BA298BFA2300953A35 /* MarketDetails */,
				78FC037D298BCBCC00953A35 /* Network */,
				78FC034F298BCA9600953A35 /* FlowwTaskApp.swift */,
				78FC03A2298BCF5000953A35 /* Markets */,
			);
			path = Main;
			sourceTree = "<group>";
		};
		78FC037A298BCAB000953A35 /* Recources */ = {
			isa = PBXGroup;
			children = (
				78FC0353298BCA9800953A35 /* Assets.xcassets */,
			);
			path = Recources;
			sourceTree = "<group>";
		};
		78FC037B298BCB6B00953A35 /* FeatureSupport */ = {
			isa = PBXGroup;
			children = (
				78FC03B2298BEED500953A35 /* Extensions */,
				78FC0381298BCC2B00953A35 /* Design */,
				78FC037C298BCBC700953A35 /* Network */,
			);
			path = FeatureSupport;
			sourceTree = "<group>";
		};
		78FC037C298BCBC700953A35 /* Network */ = {
			isa = PBXGroup;
			children = (
				78FC038F298BCD1000953A35 /* Enums */,
				78FC038E298BCCFD00953A35 /* Extensions */,
				78FC0388298BCCC000953A35 /* API.swift */,
				78FC038A298BCCDC00953A35 /* APIRequest.swift */,
				78FC038C298BCCF100953A35 /* URLSessionType.swift */,
			);
			path = Network;
			sourceTree = "<group>";
		};
		78FC037D298BCBCC00953A35 /* Network */ = {
			isa = PBXGroup;
			children = (
				78FC039B298BCD9600953A35 /* Enum */,
				78FC0397298BCD6400953A35 /* ConcreteAPI.swift */,
				78FC039C298BCDB200953A35 /* Reachability.swift */,
			);
			path = Network;
			sourceTree = "<group>";
		};
		78FC037E298BCBE000953A35 /* TestSupport */ = {
			isa = PBXGroup;
			children = (
				78FC037F298BCBF400953A35 /* AccessibilityIdentifiers.swift */,
				78FC039E298BCDD500953A35 /* AppContext.swift */,
			);
			path = TestSupport;
			sourceTree = "<group>";
		};
		78FC0381298BCC2B00953A35 /* Design */ = {
			isa = PBXGroup;
			children = (
				78FC03C7298C25DE00953A35 /* Components */,
				78FC0382298BCC3500953A35 /* Grid.swift */,
			);
			path = Design;
			sourceTree = "<group>";
		};
		78FC0384298BCC4D00953A35 /* FeatureSupport */ = {
			isa = PBXGroup;
			children = (
				78FC0385298BCC5800953A35 /* Design */,
			);
			path = FeatureSupport;
			sourceTree = "<group>";
		};
		78FC0385298BCC5800953A35 /* Design */ = {
			isa = PBXGroup;
			children = (
				78FC0386298BCC6D00953A35 /* GridTests.swift */,
			);
			path = Design;
			sourceTree = "<group>";
		};
		78FC038E298BCCFD00953A35 /* Extensions */ = {
			isa = PBXGroup;
			children = (
				78FC03A0298BCDF400953A35 /* URLSession+.swift */,
			);
			path = Extensions;
			sourceTree = "<group>";
		};
		78FC038F298BCD1000953A35 /* Enums */ = {
			isa = PBXGroup;
			children = (
				78FC0390298BCD2200953A35 /* APIError.swift */,
				78FC0393298BCD3700953A35 /* Headers.swift */,
				78FC0395298BCD4B00953A35 /* RequestMethod.swift */,
			);
			path = Enums;
			sourceTree = "<group>";
		};
		78FC039B298BCD9600953A35 /* Enum */ = {
			isa = PBXGroup;
			children = (
				78FC0399298BCD8A00953A35 /* Endpoints.swift */,
			);
			path = Enum;
			sourceTree = "<group>";
		};
		78FC03A2298BCF5000953A35 /* Markets */ = {
			isa = PBXGroup;
			children = (
				78FC03AF298BE23300953A35 /* Cell */,
				78FC03A5298BD36A00953A35 /* Network */,
				78FC03A3298BCF6800953A35 /* MarketsView.swift */,
				78FC03AB298BE1DD00953A35 /* MarketsViewModel.swift */,
			);
			path = Markets;
			sourceTree = "<group>";
		};
		78FC03A5298BD36A00953A35 /* Network */ = {
			isa = PBXGroup;
			children = (
				78FC03A9298BE1B100953A35 /* MarketsDataProvider.swift */,
				78FC03A7298BD39100953A35 /* MarketRequest.swift */,
			);
			path = Network;
			sourceTree = "<group>";
		};
		78FC03AF298BE23300953A35 /* Cell */ = {
			isa = PBXGroup;
			children = (
				78FC03AD298BE21E00953A35 /* MarketsViewCell.swift */,
				78CAF6F5298D21DA002BE165 /* MarketsViewCellViewModel.swift */,
			);
			path = Cell;
			sourceTree = "<group>";
		};
		78FC03B2298BEED500953A35 /* Extensions */ = {
			isa = PBXGroup;
			children = (
				78FC03B0298BEECD00953A35 /* Double+.swift */,
			);
			path = Extensions;
			sourceTree = "<group>";
		};
		78FC03BA298BFA2300953A35 /* MarketDetails */ = {
			isa = PBXGroup;
			children = (
				78CAF6F0298D2104002BE165 /* Models */,
				78FC03BF298C1EA300953A35 /* Networking */,
				78FC03BB298BFA3D00953A35 /* MarketDetails.swift */,
				78FC03BD298C1E8E00953A35 /* MarketDetailsViewDataProvider.swift */,
				78FC03C2298C1ED700953A35 /* MarketDetailsViewModel.swift */,
			);
			path = MarketDetails;
			sourceTree = "<group>";
		};
		78FC03BF298C1EA300953A35 /* Networking */ = {
			isa = PBXGroup;
			children = (
				78FC03C0298C1EAF00953A35 /* MarketChartRequest.swift */,
				78CAF6F3298D212F002BE165 /* MarketChartResponse.swift */,
			);
			path = Networking;
			sourceTree = "<group>";
		};
		78FC03C7298C25DE00953A35 /* Components */ = {
			isa = PBXGroup;
			children = (
			);
			path = Components;
			sourceTree = "<group>";
		};
/* End PBXGroup section */

/* Begin PBXNativeTarget section */
		78FC034B298BCA9600953A35 /* FlowwTask */ = {
			isa = PBXNativeTarget;
			buildConfigurationList = 78FC0370298BCA9800953A35 /* Build configuration list for PBXNativeTarget "FlowwTask" */;
			buildPhases = (
				78FC0348298BCA9600953A35 /* Sources */,
				78FC0349298BCA9600953A35 /* Frameworks */,
				78FC034A298BCA9600953A35 /* Resources */,
			);
			buildRules = (
			);
			dependencies = (
			);
			name = FlowwTask;
			packageProductDependencies = (
				78FC03B8298BF84100953A35 /* NukeUI */,
				78FC03D4298C334400953A35 /* SwiftUICharts */,
			);
			productName = FlowwTask;
			productReference = 78FC034C298BCA9600953A35 /* FlowwTask.app */;
			productType = "com.apple.product-type.application";
		};
		78FC035B298BCA9800953A35 /* FlowwTaskTests */ = {
			isa = PBXNativeTarget;
			buildConfigurationList = 78FC0373298BCA9800953A35 /* Build configuration list for PBXNativeTarget "FlowwTaskTests" */;
			buildPhases = (
				78FC0358298BCA9800953A35 /* Sources */,
				78FC0359298BCA9800953A35 /* Frameworks */,
				78FC035A298BCA9800953A35 /* Resources */,
			);
			buildRules = (
			);
			dependencies = (
				78FC035E298BCA9800953A35 /* PBXTargetDependency */,
			);
			name = FlowwTaskTests;
			productName = FlowwTaskTests;
			productReference = 78FC035C298BCA9800953A35 /* FlowwTaskTests.xctest */;
			productType = "com.apple.product-type.bundle.unit-test";
		};
		78FC0365298BCA9800953A35 /* FlowwTaskUITests */ = {
			isa = PBXNativeTarget;
			buildConfigurationList = 78FC0376298BCA9800953A35 /* Build configuration list for PBXNativeTarget "FlowwTaskUITests" */;
			buildPhases = (
				78FC0362298BCA9800953A35 /* Sources */,
				78FC0363298BCA9800953A35 /* Frameworks */,
				78FC0364298BCA9800953A35 /* Resources */,
			);
			buildRules = (
			);
			dependencies = (
				78FC0368298BCA9800953A35 /* PBXTargetDependency */,
			);
			name = FlowwTaskUITests;
			productName = FlowwTaskUITests;
			productReference = 78FC0366298BCA9800953A35 /* FlowwTaskUITests.xctest */;
			productType = "com.apple.product-type.bundle.ui-testing";
		};
/* End PBXNativeTarget section */

/* Begin PBXProject section */
		78FC0344298BCA9600953A35 /* Project object */ = {
			isa = PBXProject;
			attributes = {
				BuildIndependentTargetsInParallel = 1;
				LastSwiftUpdateCheck = 1420;
				LastUpgradeCheck = 1420;
				TargetAttributes = {
					78FC034B298BCA9600953A35 = {
						CreatedOnToolsVersion = 14.2;
					};
					78FC035B298BCA9800953A35 = {
						CreatedOnToolsVersion = 14.2;
						TestTargetID = 78FC034B298BCA9600953A35;
					};
					78FC0365298BCA9800953A35 = {
						CreatedOnToolsVersion = 14.2;
						TestTargetID = 78FC034B298BCA9600953A35;
					};
				};
			};
			buildConfigurationList = 78FC0347298BCA9600953A35 /* Build configuration list for PBXProject "FlowwTask" */;
			compatibilityVersion = "Xcode 14.0";
			developmentRegion = en;
			hasScannedForEncodings = 0;
			knownRegions = (
				en,
				Base,
			);
			mainGroup = 78FC0343298BCA9600953A35;
			packageReferences = (
				78FC03B7298BF84100953A35 /* XCRemoteSwiftPackageReference "NukeUI" */,
				78FC03D3298C334400953A35 /* XCRemoteSwiftPackageReference "SwiftUICharts" */,
			);
			productRefGroup = 78FC034D298BCA9600953A35 /* Products */;
			projectDirPath = "";
			projectRoot = "";
			targets = (
				78FC034B298BCA9600953A35 /* FlowwTask */,
				78FC035B298BCA9800953A35 /* FlowwTaskTests */,
				78FC0365298BCA9800953A35 /* FlowwTaskUITests */,
			);
		};
/* End PBXProject section */

/* Begin PBXResourcesBuildPhase section */
		78FC034A298BCA9600953A35 /* Resources */ = {
			isa = PBXResourcesBuildPhase;
			buildActionMask = 2147483647;
			files = (
				78FC0357298BCA9800953A35 /* Preview Assets.xcassets in Resources */,
				78FC0354298BCA9800953A35 /* Assets.xcassets in Resources */,
			);
			runOnlyForDeploymentPostprocessing = 0;
		};
		78FC035A298BCA9800953A35 /* Resources */ = {
			isa = PBXResourcesBuildPhase;
			buildActionMask = 2147483647;
			files = (
			);
			runOnlyForDeploymentPostprocessing = 0;
		};
		78FC0364298BCA9800953A35 /* Resources */ = {
			isa = PBXResourcesBuildPhase;
			buildActionMask = 2147483647;
			files = (
			);
			runOnlyForDeploymentPostprocessing = 0;
		};
/* End PBXResourcesBuildPhase section */

/* Begin PBXSourcesBuildPhase section */
		78FC0348298BCA9600953A35 /* Sources */ = {
			isa = PBXSourcesBuildPhase;
			buildActionMask = 2147483647;
			files = (
				78FC038D298BCCF100953A35 /* URLSessionType.swift in Sources */,
				78FC0380298BCBF400953A35 /* AccessibilityIdentifiers.swift in Sources */,
				78CAF6F6298D21DB002BE165 /* MarketsViewCellViewModel.swift in Sources */,
				78FC03AC298BE1DD00953A35 /* MarketsViewModel.swift in Sources */,
				78FC03AA298BE1B100953A35 /* MarketsDataProvider.swift in Sources */,
				78FC0394298BCD3700953A35 /* Headers.swift in Sources */,
				78FC039F298BCDD500953A35 /* AppContext.swift in Sources */,
				78FC03C3298C1ED700953A35 /* MarketDetailsViewModel.swift in Sources */,
				78FC0350298BCA9600953A35 /* FlowwTaskApp.swift in Sources */,
				78FC0383298BCC3500953A35 /* Grid.swift in Sources */,
				78FC03BE298C1E8E00953A35 /* MarketDetailsViewDataProvider.swift in Sources */,
				78CAF6F2298D2110002BE165 /* MarketChartData.swift in Sources */,
				78CAF6F4298D212F002BE165 /* MarketChartResponse.swift in Sources */,
				78FC0391298BCD2200953A35 /* APIError.swift in Sources */,
				78FC038B298BCCDC00953A35 /* APIRequest.swift in Sources */,
				78FC0396298BCD4B00953A35 /* RequestMethod.swift in Sources */,
				78FC03AE298BE21E00953A35 /* MarketsViewCell.swift in Sources */,
				78FC03A4298BCF6800953A35 /* MarketsView.swift in Sources */,
				78FC0389298BCCC000953A35 /* API.swift in Sources */,
				78FC03B1298BEECD00953A35 /* Double+.swift in Sources */,
				78FC03A8298BD39100953A35 /* MarketRequest.swift in Sources */,
				78FC03BC298BFA3D00953A35 /* MarketDetails.swift in Sources */,
				78FC039A298BCD8A00953A35 /* Endpoints.swift in Sources */,
				78FC0398298BCD6400953A35 /* ConcreteAPI.swift in Sources */,
				78FC039D298BCDB200953A35 /* Reachability.swift in Sources */,
				78FC03C1298C1EAF00953A35 /* MarketChartRequest.swift in Sources */,
				78FC03A1298BCDF400953A35 /* URLSession+.swift in Sources */,
			);
			runOnlyForDeploymentPostprocessing = 0;
		};
		78FC0358298BCA9800953A35 /* Sources */ = {
			isa = PBXSourcesBuildPhase;
			buildActionMask = 2147483647;
			files = (
				78FC0361298BCA9800953A35 /* FlowwTaskTests.swift in Sources */,
				78FC0387298BCC6D00953A35 /* GridTests.swift in Sources */,
			);
			runOnlyForDeploymentPostprocessing = 0;
		};
		78FC0362298BCA9800953A35 /* Sources */ = {
			isa = PBXSourcesBuildPhase;
			buildActionMask = 2147483647;
			files = (
				78FC036B298BCA9800953A35 /* FlowwTaskUITests.swift in Sources */,
				78FC036D298BCA9800953A35 /* FlowwTaskUITestsLaunchTests.swift in Sources */,
			);
			runOnlyForDeploymentPostprocessing = 0;
		};
/* End PBXSourcesBuildPhase section */

/* Begin PBXTargetDependency section */
		78FC035E298BCA9800953A35 /* PBXTargetDependency */ = {
			isa = PBXTargetDependency;
			target = 78FC034B298BCA9600953A35 /* FlowwTask */;
			targetProxy = 78FC035D298BCA9800953A35 /* PBXContainerItemProxy */;
		};
		78FC0368298BCA9800953A35 /* PBXTargetDependency */ = {
			isa = PBXTargetDependency;
			target = 78FC034B298BCA9600953A35 /* FlowwTask */;
			targetProxy = 78FC0367298BCA9800953A35 /* PBXContainerItemProxy */;
		};
/* End PBXTargetDependency section */

/* Begin XCBuildConfiguration section */
		78FC036E298BCA9800953A35 /* Debug */ = {
			isa = XCBuildConfiguration;
			buildSettings = {
				ALWAYS_SEARCH_USER_PATHS = NO;
				CLANG_ANALYZER_NONNULL = YES;
				CLANG_ANALYZER_NUMBER_OBJECT_CONVERSION = YES_AGGRESSIVE;
				CLANG_CXX_LANGUAGE_STANDARD = "gnu++20";
				CLANG_ENABLE_MODULES = YES;
				CLANG_ENABLE_OBJC_ARC = YES;
				CLANG_ENABLE_OBJC_WEAK = YES;
				CLANG_WARN_BLOCK_CAPTURE_AUTORELEASING = YES;
				CLANG_WARN_BOOL_CONVERSION = YES;
				CLANG_WARN_COMMA = YES;
				CLANG_WARN_CONSTANT_CONVERSION = YES;
				CLANG_WARN_DEPRECATED_OBJC_IMPLEMENTATIONS = YES;
				CLANG_WARN_DIRECT_OBJC_ISA_USAGE = YES_ERROR;
				CLANG_WARN_DOCUMENTATION_COMMENTS = YES;
				CLANG_WARN_EMPTY_BODY = YES;
				CLANG_WARN_ENUM_CONVERSION = YES;
				CLANG_WARN_INFINITE_RECURSION = YES;
				CLANG_WARN_INT_CONVERSION = YES;
				CLANG_WARN_NON_LITERAL_NULL_CONVERSION = YES;
				CLANG_WARN_OBJC_IMPLICIT_RETAIN_SELF = YES;
				CLANG_WARN_OBJC_LITERAL_CONVERSION = YES;
				CLANG_WARN_OBJC_ROOT_CLASS = YES_ERROR;
				CLANG_WARN_QUOTED_INCLUDE_IN_FRAMEWORK_HEADER = YES;
				CLANG_WARN_RANGE_LOOP_ANALYSIS = YES;
				CLANG_WARN_STRICT_PROTOTYPES = YES;
				CLANG_WARN_SUSPICIOUS_MOVE = YES;
				CLANG_WARN_UNGUARDED_AVAILABILITY = YES_AGGRESSIVE;
				CLANG_WARN_UNREACHABLE_CODE = YES;
				CLANG_WARN__DUPLICATE_METHOD_MATCH = YES;
				COPY_PHASE_STRIP = NO;
				DEBUG_INFORMATION_FORMAT = dwarf;
				ENABLE_STRICT_OBJC_MSGSEND = YES;
				ENABLE_TESTABILITY = YES;
				GCC_C_LANGUAGE_STANDARD = gnu11;
				GCC_DYNAMIC_NO_PIC = NO;
				GCC_NO_COMMON_BLOCKS = YES;
				GCC_OPTIMIZATION_LEVEL = 0;
				GCC_PREPROCESSOR_DEFINITIONS = (
					"DEBUG=1",
					"$(inherited)",
				);
				GCC_WARN_64_TO_32_BIT_CONVERSION = YES;
				GCC_WARN_ABOUT_RETURN_TYPE = YES_ERROR;
				GCC_WARN_UNDECLARED_SELECTOR = YES;
				GCC_WARN_UNINITIALIZED_AUTOS = YES_AGGRESSIVE;
				GCC_WARN_UNUSED_FUNCTION = YES;
				GCC_WARN_UNUSED_VARIABLE = YES;
				IPHONEOS_DEPLOYMENT_TARGET = 16.2;
				MTL_ENABLE_DEBUG_INFO = INCLUDE_SOURCE;
				MTL_FAST_MATH = YES;
				ONLY_ACTIVE_ARCH = YES;
				SDKROOT = iphoneos;
				SWIFT_ACTIVE_COMPILATION_CONDITIONS = DEBUG;
				SWIFT_OPTIMIZATION_LEVEL = "-Onone";
			};
			name = Debug;
		};
		78FC036F298BCA9800953A35 /* Release */ = {
			isa = XCBuildConfiguration;
			buildSettings = {
				ALWAYS_SEARCH_USER_PATHS = NO;
				CLANG_ANALYZER_NONNULL = YES;
				CLANG_ANALYZER_NUMBER_OBJECT_CONVERSION = YES_AGGRESSIVE;
				CLANG_CXX_LANGUAGE_STANDARD = "gnu++20";
				CLANG_ENABLE_MODULES = YES;
				CLANG_ENABLE_OBJC_ARC = YES;
				CLANG_ENABLE_OBJC_WEAK = YES;
				CLANG_WARN_BLOCK_CAPTURE_AUTORELEASING = YES;
				CLANG_WARN_BOOL_CONVERSION = YES;
				CLANG_WARN_COMMA = YES;
				CLANG_WARN_CONSTANT_CONVERSION = YES;
				CLANG_WARN_DEPRECATED_OBJC_IMPLEMENTATIONS = YES;
				CLANG_WARN_DIRECT_OBJC_ISA_USAGE = YES_ERROR;
				CLANG_WARN_DOCUMENTATION_COMMENTS = YES;
				CLANG_WARN_EMPTY_BODY = YES;
				CLANG_WARN_ENUM_CONVERSION = YES;
				CLANG_WARN_INFINITE_RECURSION = YES;
				CLANG_WARN_INT_CONVERSION = YES;
				CLANG_WARN_NON_LITERAL_NULL_CONVERSION = YES;
				CLANG_WARN_OBJC_IMPLICIT_RETAIN_SELF = YES;
				CLANG_WARN_OBJC_LITERAL_CONVERSION = YES;
				CLANG_WARN_OBJC_ROOT_CLASS = YES_ERROR;
				CLANG_WARN_QUOTED_INCLUDE_IN_FRAMEWORK_HEADER = YES;
				CLANG_WARN_RANGE_LOOP_ANALYSIS = YES;
				CLANG_WARN_STRICT_PROTOTYPES = YES;
				CLANG_WARN_SUSPICIOUS_MOVE = YES;
				CLANG_WARN_UNGUARDED_AVAILABILITY = YES_AGGRESSIVE;
				CLANG_WARN_UNREACHABLE_CODE = YES;
				CLANG_WARN__DUPLICATE_METHOD_MATCH = YES;
				COPY_PHASE_STRIP = NO;
				DEBUG_INFORMATION_FORMAT = "dwarf-with-dsym";
				ENABLE_NS_ASSERTIONS = NO;
				ENABLE_STRICT_OBJC_MSGSEND = YES;
				GCC_C_LANGUAGE_STANDARD = gnu11;
				GCC_NO_COMMON_BLOCKS = YES;
				GCC_WARN_64_TO_32_BIT_CONVERSION = YES;
				GCC_WARN_ABOUT_RETURN_TYPE = YES_ERROR;
				GCC_WARN_UNDECLARED_SELECTOR = YES;
				GCC_WARN_UNINITIALIZED_AUTOS = YES_AGGRESSIVE;
				GCC_WARN_UNUSED_FUNCTION = YES;
				GCC_WARN_UNUSED_VARIABLE = YES;
				IPHONEOS_DEPLOYMENT_TARGET = 16.2;
				MTL_ENABLE_DEBUG_INFO = NO;
				MTL_FAST_MATH = YES;
				SDKROOT = iphoneos;
				SWIFT_COMPILATION_MODE = wholemodule;
				SWIFT_OPTIMIZATION_LEVEL = "-O";
				VALIDATE_PRODUCT = YES;
			};
			name = Release;
		};
		78FC0371298BCA9800953A35 /* Debug */ = {
			isa = XCBuildConfiguration;
			buildSettings = {
				ASSETCATALOG_COMPILER_APPICON_NAME = AppIcon;
				ASSETCATALOG_COMPILER_GLOBAL_ACCENT_COLOR_NAME = AccentColor;
				CODE_SIGN_STYLE = Automatic;
				CURRENT_PROJECT_VERSION = 1;
				DEVELOPMENT_ASSET_PATHS = "\"FlowwTask/Preview Content\"";
				ENABLE_PREVIEWS = YES;
				GENERATE_INFOPLIST_FILE = YES;
				INFOPLIST_KEY_UIApplicationSceneManifest_Generation = YES;
				INFOPLIST_KEY_UIApplicationSupportsIndirectInputEvents = YES;
				INFOPLIST_KEY_UILaunchScreen_Generation = YES;
				INFOPLIST_KEY_UISupportedInterfaceOrientations_iPad = "UIInterfaceOrientationPortrait UIInterfaceOrientationPortraitUpsideDown UIInterfaceOrientationLandscapeLeft UIInterfaceOrientationLandscapeRight";
				INFOPLIST_KEY_UISupportedInterfaceOrientations_iPhone = "UIInterfaceOrientationPortrait UIInterfaceOrientationLandscapeLeft UIInterfaceOrientationLandscapeRight";
				LD_RUNPATH_SEARCH_PATHS = (
					"$(inherited)",
					"@executable_path/Frameworks",
				);
				MARKETING_VERSION = 1.0;
				PRODUCT_BUNDLE_IDENTIFIER = Starling.FlowwTask;
				PRODUCT_NAME = "$(TARGET_NAME)";
				SWIFT_EMIT_LOC_STRINGS = YES;
				SWIFT_VERSION = 5.0;
				TARGETED_DEVICE_FAMILY = "1,2";
			};
			name = Debug;
		};
		78FC0372298BCA9800953A35 /* Release */ = {
			isa = XCBuildConfiguration;
			buildSettings = {
				ASSETCATALOG_COMPILER_APPICON_NAME = AppIcon;
				ASSETCATALOG_COMPILER_GLOBAL_ACCENT_COLOR_NAME = AccentColor;
				CODE_SIGN_STYLE = Automatic;
				CURRENT_PROJECT_VERSION = 1;
				DEVELOPMENT_ASSET_PATHS = "\"FlowwTask/Preview Content\"";
				ENABLE_PREVIEWS = YES;
				GENERATE_INFOPLIST_FILE = YES;
				INFOPLIST_KEY_UIApplicationSceneManifest_Generation = YES;
				INFOPLIST_KEY_UIApplicationSupportsIndirectInputEvents = YES;
				INFOPLIST_KEY_UILaunchScreen_Generation = YES;
				INFOPLIST_KEY_UISupportedInterfaceOrientations_iPad = "UIInterfaceOrientationPortrait UIInterfaceOrientationPortraitUpsideDown UIInterfaceOrientationLandscapeLeft UIInterfaceOrientationLandscapeRight";
				INFOPLIST_KEY_UISupportedInterfaceOrientations_iPhone = "UIInterfaceOrientationPortrait UIInterfaceOrientationLandscapeLeft UIInterfaceOrientationLandscapeRight";
				LD_RUNPATH_SEARCH_PATHS = (
					"$(inherited)",
					"@executable_path/Frameworks",
				);
				MARKETING_VERSION = 1.0;
				PRODUCT_BUNDLE_IDENTIFIER = Starling.FlowwTask;
				PRODUCT_NAME = "$(TARGET_NAME)";
				SWIFT_EMIT_LOC_STRINGS = YES;
				SWIFT_VERSION = 5.0;
				TARGETED_DEVICE_FAMILY = "1,2";
			};
			name = Release;
		};
		78FC0374298BCA9800953A35 /* Debug */ = {
			isa = XCBuildConfiguration;
			buildSettings = {
				ALWAYS_EMBED_SWIFT_STANDARD_LIBRARIES = YES;
				BUNDLE_LOADER = "$(TEST_HOST)";
				CODE_SIGN_STYLE = Automatic;
				CURRENT_PROJECT_VERSION = 1;
				GENERATE_INFOPLIST_FILE = YES;
				IPHONEOS_DEPLOYMENT_TARGET = 16.2;
				MARKETING_VERSION = 1.0;
				PRODUCT_BUNDLE_IDENTIFIER = Starling.FlowwTaskTests;
				PRODUCT_NAME = "$(TARGET_NAME)";
				SWIFT_EMIT_LOC_STRINGS = NO;
				SWIFT_VERSION = 5.0;
				TARGETED_DEVICE_FAMILY = "1,2";
				TEST_HOST = "$(BUILT_PRODUCTS_DIR)/FlowwTask.app/$(BUNDLE_EXECUTABLE_FOLDER_PATH)/FlowwTask";
			};
			name = Debug;
		};
		78FC0375298BCA9800953A35 /* Release */ = {
			isa = XCBuildConfiguration;
			buildSettings = {
				ALWAYS_EMBED_SWIFT_STANDARD_LIBRARIES = YES;
				BUNDLE_LOADER = "$(TEST_HOST)";
				CODE_SIGN_STYLE = Automatic;
				CURRENT_PROJECT_VERSION = 1;
				GENERATE_INFOPLIST_FILE = YES;
				IPHONEOS_DEPLOYMENT_TARGET = 16.2;
				MARKETING_VERSION = 1.0;
				PRODUCT_BUNDLE_IDENTIFIER = Starling.FlowwTaskTests;
				PRODUCT_NAME = "$(TARGET_NAME)";
				SWIFT_EMIT_LOC_STRINGS = NO;
				SWIFT_VERSION = 5.0;
				TARGETED_DEVICE_FAMILY = "1,2";
				TEST_HOST = "$(BUILT_PRODUCTS_DIR)/FlowwTask.app/$(BUNDLE_EXECUTABLE_FOLDER_PATH)/FlowwTask";
			};
			name = Release;
		};
		78FC0377298BCA9800953A35 /* Debug */ = {
			isa = XCBuildConfiguration;
			buildSettings = {
				ALWAYS_EMBED_SWIFT_STANDARD_LIBRARIES = YES;
				CODE_SIGN_STYLE = Automatic;
				CURRENT_PROJECT_VERSION = 1;
				GENERATE_INFOPLIST_FILE = YES;
				MARKETING_VERSION = 1.0;
				PRODUCT_BUNDLE_IDENTIFIER = Starling.FlowwTaskUITests;
				PRODUCT_NAME = "$(TARGET_NAME)";
				SWIFT_EMIT_LOC_STRINGS = NO;
				SWIFT_VERSION = 5.0;
				TARGETED_DEVICE_FAMILY = "1,2";
				TEST_TARGET_NAME = FlowwTask;
			};
			name = Debug;
		};
		78FC0378298BCA9800953A35 /* Release */ = {
			isa = XCBuildConfiguration;
			buildSettings = {
				ALWAYS_EMBED_SWIFT_STANDARD_LIBRARIES = YES;
				CODE_SIGN_STYLE = Automatic;
				CURRENT_PROJECT_VERSION = 1;
				GENERATE_INFOPLIST_FILE = YES;
				MARKETING_VERSION = 1.0;
				PRODUCT_BUNDLE_IDENTIFIER = Starling.FlowwTaskUITests;
				PRODUCT_NAME = "$(TARGET_NAME)";
				SWIFT_EMIT_LOC_STRINGS = NO;
				SWIFT_VERSION = 5.0;
				TARGETED_DEVICE_FAMILY = "1,2";
				TEST_TARGET_NAME = FlowwTask;
			};
			name = Release;
		};
/* End XCBuildConfiguration section */

/* Begin XCConfigurationList section */
		78FC0347298BCA9600953A35 /* Build configuration list for PBXProject "FlowwTask" */ = {
			isa = XCConfigurationList;
			buildConfigurations = (
				78FC036E298BCA9800953A35 /* Debug */,
				78FC036F298BCA9800953A35 /* Release */,
			);
			defaultConfigurationIsVisible = 0;
			defaultConfigurationName = Release;
		};
		78FC0370298BCA9800953A35 /* Build configuration list for PBXNativeTarget "FlowwTask" */ = {
			isa = XCConfigurationList;
			buildConfigurations = (
				78FC0371298BCA9800953A35 /* Debug */,
				78FC0372298BCA9800953A35 /* Release */,
			);
			defaultConfigurationIsVisible = 0;
			defaultConfigurationName = Release;
		};
		78FC0373298BCA9800953A35 /* Build configuration list for PBXNativeTarget "FlowwTaskTests" */ = {
			isa = XCConfigurationList;
			buildConfigurations = (
				78FC0374298BCA9800953A35 /* Debug */,
				78FC0375298BCA9800953A35 /* Release */,
			);
			defaultConfigurationIsVisible = 0;
			defaultConfigurationName = Release;
		};
		78FC0376298BCA9800953A35 /* Build configuration list for PBXNativeTarget "FlowwTaskUITests" */ = {
			isa = XCConfigurationList;
			buildConfigurations = (
				78FC0377298BCA9800953A35 /* Debug */,
				78FC0378298BCA9800953A35 /* Release */,
			);
			defaultConfigurationIsVisible = 0;
			defaultConfigurationName = Release;
		};
/* End XCConfigurationList section */

/* Begin XCRemoteSwiftPackageReference section */
		78FC03B7298BF84100953A35 /* XCRemoteSwiftPackageReference "NukeUI" */ = {
			isa = XCRemoteSwiftPackageReference;
			repositoryURL = "https://github.com/kean/NukeUI";
			requirement = {
				branch = main;
				kind = branch;
			};
		};
		78FC03D3298C334400953A35 /* XCRemoteSwiftPackageReference "SwiftUICharts" */ = {
			isa = XCRemoteSwiftPackageReference;
			repositoryURL = "git@github.com:mecid/SwiftUICharts.git";
			requirement = {
				kind = upToNextMajorVersion;
				minimumVersion = 0.8.1;
			};
		};
/* End XCRemoteSwiftPackageReference section */

/* Begin XCSwiftPackageProductDependency section */
		78FC03B8298BF84100953A35 /* NukeUI */ = {
			isa = XCSwiftPackageProductDependency;
			package = 78FC03B7298BF84100953A35 /* XCRemoteSwiftPackageReference "NukeUI" */;
			productName = NukeUI;
		};
		78FC03D4298C334400953A35 /* SwiftUICharts */ = {
			isa = XCSwiftPackageProductDependency;
			package = 78FC03D3298C334400953A35 /* XCRemoteSwiftPackageReference "SwiftUICharts" */;
			productName = SwiftUICharts;
		};
/* End XCSwiftPackageProductDependency section */
	};
	rootObject = 78FC0344298BCA9600953A35 /* Project object */;
}
